
Microsoft Visual Studio Solution File, Format Version 12.00
# Visual Studio Version 16
VisualStudioVersion = 16.0.29411.108
MinimumVisualStudioVersion = 10.0.40219.1
Project("{FAE04EC0-301F-11D3-BF4B-00C04F79EFBC}") = "DemoCal", "DemoCal\DemoCal.csproj", "{D7662721-37A2-4B7E-8F50-A325AC909F47}"
EndProject
Global
	GlobalSection(SolutionConfigurationPlatforms) = preSolution
		Debug|Any CPU = Debug|Any CPU
		Release|Any CPU = Release|Any CPU
	EndGlobalSection
	GlobalSection(ProjectConfigurationPlatforms) = postSolution
		{D7662721-37A2-4B7E-8F50-A325AC909F47}.Debug|Any CPU.ActiveCfg = Debug|Any CPU
		{D7662721-37A2-4B7E-8F50-A325AC909F47}.Debug|Any CPU.Build.0 = Debug|Any CPU
		{D7662721-37A2-4B7E-8F50-A325AC909F47}.Release|Any CPU.ActiveCfg = Release|Any CPU
		{D7662721-37A2-4B7E-8F50-A325AC909F47}.Release|Any CPU.Build.0 = Release|Any CPU
	EndGlobalSection
	GlobalSection(SolutionProperties) = preSolution
		HideSolutionNode = FALSE
	EndGlobalSection
	GlobalSection(ExtensibilityGlobals) = postSolution
		SolutionGuid = {E17DC696-FF7B-448D-8312-CDCC53EF7E29}
	EndGlobalSection
EndGlobal
