
Microsoft Visual Studio Solution File, Format Version 12.00
# Visual Studio Version 16
VisualStudioVersion = 16.0.29411.108
MinimumVisualStudioVersion = 10.0.40219.1
Project("{9A19103F-16F7-4668-BE54-9A1E7A4F7556}") = "demo", "demo\demo.csproj", "{970FD2E4-1446-4718-82C1-5C28A05B256C}"
EndProject
Project("{FAE04EC0-301F-11D3-BF4B-00C04F79EFBC}") = "QuanLySV", "QuanLySV\QuanLySV.csproj", "{7CB1F3D6-D670-494B-A679-9F9C5D22599F}"
EndProject
Global
	GlobalSection(SolutionConfigurationPlatforms) = preSolution
		Debug|Any CPU = Debug|Any CPU
		Release|Any CPU = Release|Any CPU
	EndGlobalSection
	GlobalSection(ProjectConfigurationPlatforms) = postSolution
		{970FD2E4-1446-4718-82C1-5C28A05B256C}.Debug|Any CPU.ActiveCfg = Debug|Any CPU
		{970FD2E4-1446-4718-82C1-5C28A05B256C}.Debug|Any CPU.Build.0 = Debug|Any CPU
		{970FD2E4-1446-4718-82C1-5C28A05B256C}.Release|Any CPU.ActiveCfg = Release|Any CPU
		{970FD2E4-1446-4718-82C1-5C28A05B256C}.Release|Any CPU.Build.0 = Release|Any CPU
		{7CB1F3D6-D670-494B-A679-9F9C5D22599F}.Debug|Any CPU.ActiveCfg = Debug|Any CPU
		{7CB1F3D6-D670-494B-A679-9F9C5D22599F}.Debug|Any CPU.Build.0 = Debug|Any CPU
		{7CB1F3D6-D670-494B-A679-9F9C5D22599F}.Release|Any CPU.ActiveCfg = Release|Any CPU
		{7CB1F3D6-D670-494B-A679-9F9C5D22599F}.Release|Any CPU.Build.0 = Release|Any CPU
	EndGlobalSection
	GlobalSection(SolutionProperties) = preSolution
		HideSolutionNode = FALSE
	EndGlobalSection
	GlobalSection(ExtensibilityGlobals) = postSolution
		SolutionGuid = {3A316900-AF3C-403F-A434-82ECA2CA5D8F}
	EndGlobalSection
EndGlobal
